<?xml version="1.0" encoding="utf-8"?>
<Project ToolsVersion="4.0" xmlns="http://schemas.microsoft.com/developer/msbuild/2003">
  <ItemGroup>
    <Filter Include="ソース ファイル">
      <UniqueIdentifier>{4FC737F1-C7A5-4376-A066-2A32D752A2FF}</UniqueIdentifier>
      <Extensions>cpp;c;cc;cxx;def;odl;idl;hpj;bat;asm;asmx</Extensions>
    </Filter>
    <Filter Include="ヘッダー ファイル">
      <UniqueIdentifier>{93995380-89BD-4b04-88EB-625FBE52EBFB}</UniqueIdentifier>
      <Extensions>h;hh;hpp;hxx;hm;inl;inc;xsd</Extensions>
    </Filter>
    <Filter Include="リソース ファイル">
      <UniqueIdentifier>{67DA6AB6-F800-4c08-8B7A-83BB121AAD01}</UniqueIdentifier>
      <Extensions>rc;ico;cur;bmp;dlg;rc2;rct;bin;rgs;gif;jpg;jpeg;jpe;resx;tiff;tif;png;wav;mfcribbon-ms</Extensions>
    </Filter>
    <Filter Include="ヘッダー ファイル\BLAS">
      <UniqueIdentifier>{b9b0f8bd-1ff0-4b7e-a54e-2a12eb83dc21}</UniqueIdentifier>
    </Filter>
    <Filter Include="ソース ファイル\BLAS">
      <UniqueIdentifier>{98d03cb7-ee2b-43f7-bf13-7cc996714ef9}</UniqueIdentifier>
    </Filter>
    <Filter Include="ソース ファイル\LAPACK">
      <UniqueIdentifier>{ec73f051-910b-4044-b1fd-756893e9a516}</UniqueIdentifier>
    </Filter>
    <Filter Include="ヘッダー ファイル\LAPACK">
      <UniqueIdentifier>{ec30df31-0737-475b-9f83-647ceb05c615}</UniqueIdentifier>
    </Filter>
  </ItemGroup>
  <ItemGroup>
    <ClInclude Include="Stdafx.h">
      <Filter>ヘッダー ファイル</Filter>
    </ClInclude>
    <ClInclude Include="resource.h">
      <Filter>ヘッダー ファイル</Filter>
    </ClInclude>
    <ClInclude Include="Blas1.h">
      <Filter>ヘッダー ファイル\BLAS</Filter>
    </ClInclude>
    <ClInclude Include="Blas2.h">
      <Filter>ヘッダー ファイル\BLAS</Filter>
    </ClInclude>
    <ClInclude Include="Blas3.h">
      <Filter>ヘッダー ファイル\BLAS</Filter>
    </ClInclude>
    <ClInclude Include="general.h">
      <Filter>ヘッダー ファイル\LAPACK</Filter>
    </ClInclude>
  </ItemGroup>
  <ItemGroup>
    <ClCompile Include="AssemblyInfo.cpp">
      <Filter>ソース ファイル</Filter>
    </ClCompile>
    <ClCompile Include="Stdafx.cpp">
      <Filter>ソース ファイル</Filter>
    </ClCompile>
    <ClCompile Include="Blas1.cpp">
      <Filter>ソース ファイル\BLAS</Filter>
    </ClCompile>
    <ClCompile Include="Blas2.cpp">
      <Filter>ソース ファイル\BLAS</Filter>
    </ClCompile>
    <ClCompile Include="Blas3.cpp">
      <Filter>ソース ファイル\BLAS</Filter>
    </ClCompile>
    <ClCompile Include="general.cpp">
      <Filter>ソース ファイル\LAPACK</Filter>
    </ClCompile>
  </ItemGroup>
  <ItemGroup>
    <ResourceCompile Include="app.rc">
      <Filter>リソース ファイル</Filter>
    </ResourceCompile>
  </ItemGroup>
  <ItemGroup>
    <Image Include="app.ico">
      <Filter>リソース ファイル</Filter>
    </Image>
  </ItemGroup>
  <ItemGroup>
    <Text Include="README.md" />
  </ItemGroup>
</Project>